{
  "name": "kintaro-ui",
  "version": "1.0.0",
  "lockfileVersion": 3,
  "requires": true,
  "packages": {
    "": {
      "name": "kintaro-ui",
      "version": "1.0.0",
      "license": "MIT",
      "dependencies": {
        "kintaro-ui": "github:xkintaro/kintaro-ui"
      }
    },
    "node_modules/kintaro-ui": {
      "version": "1.0.0",
      "resolved": "git+ssh://git@github.com/xkintaro/kintaro-ui.git#77c5725a99d741b0a3c31e94bc8410c3d0c9c807",
      "license": "MIT"
    }
  }
}
