{
  "name": "kintaro-ui",
  "version": "1.0.0",
  "lockfileVersion": 3,
  "requires": true,
  "packages": {
    "": {
      "name": "kintaro-ui",
      "version": "1.0.0",
      "license": "MIT",
      "dependencies": {
        "kintaro-ui": "github:xkintaro/kintaro-ui"
      }
    },
    "node_modules/kintaro-ui": {
      "version": "1.0.0",
      "resolved": "git+ssh://git@github.com/xkintaro/kintaro-ui.git#d1e2ba28295c9edc0f6e1adf4b7c83f2a91ede54",
      "license": "MIT",
      "dependencies": {
        "kintaro-ui": "github:xkintaro/kintaro-ui"
      }
    }
  }
}
